{
  "name": "@saovietgmetrix/voluptatibus-soluta-mollitia-culpa",
  "version": "1.0.0",
  "lockfileVersion": 3,
  "requires": true,
  "packages": {
    "": {
      "name": "@saovietgmetrix/voluptatibus-soluta-mollitia-culpa",
      "version": "1.0.0",
      "license": "MIT",
      "dependencies": {
        "@saovietproject/voluptas-doloremque-nostrum-facere": "^1.0.0"
      }
    },
    "node_modules/@popperjs/core": {
      "version": "2.11.8",
      "resolved": "https://registry.npmjs.org/@popperjs/core/-/core-2.11.8.tgz",
      "integrity": "sha512-P1st0aksCrn9sGZhp8GMYwBnQsbvAWsZAX44oXNNvLHGqAOcoVxmjZiohstwQ7SqKnbR47akdNi+uleWD8+g6A==",
      "peer": true,
      "funding": {
        "type": "opencollective",
        "url": "https://opencollective.com/popperjs"
      }
    },
    "node_modules/@saovietproject/aliquid-vel-quod-deleniti": {
      "version": "1.0.0",
      "resolved": "https://registry.npmjs.org/@saovietproject/aliquid-vel-quod-deleniti/-/aliquid-vel-quod-deleniti-1.0.0.tgz",
      "integrity": "sha512-OqgSUobpiUHL58PEedqYtkN44jZQfBvT/9Gg+I9hm12ubR57r1K7L+Oqq7dKv5ls9eOrfY3WkF+eTJ8QsRxAJA==",
      "dependencies": {
        "@saovietproject/cumque-voluptatibus-harum-reiciendis": "^1.0.0",
        "@saovietproject/ipsum-excepturi-laboriosam-natus": "^1.0.0",
        "@saovietproject/necessitatibus-reprehenderit-voluptatem-corporis": "^1.0.0",
        "@saovietproject/ullam-dicta-deleniti-ullam": "^1.0.0",
        "analsorhost-simple-bs": "^1.0.0"
      }
    },
    "node_modules/@saovietproject/cumque-voluptatibus-harum-reiciendis": {
      "version": "1.0.0",
      "resolved": "https://registry.npmjs.org/@saovietproject/cumque-voluptatibus-harum-reiciendis/-/cumque-voluptatibus-harum-reiciendis-1.0.0.tgz",
      "integrity": "sha512-SqV8nBKQVTYyV3SdNKVnafhKvTYYpUNviXuxpedVzX9cEs7U0gHj2RnNbuG1tVnmp4fsJXuyBlp88XT5FaU0ag==",
      "dependencies": {
        "@saovietproject/ipsum-excepturi-laboriosam-natus": "^1.0.0",
        "analsorhost-simple-bs": "^1.0.0"
      }
    },
    "node_modules/@saovietproject/deleniti-aliquam-nisi-enim": {
      "version": "1.0.0",
      "resolved": "https://registry.npmjs.org/@saovietproject/deleniti-aliquam-nisi-enim/-/deleniti-aliquam-nisi-enim-1.0.0.tgz",
      "integrity": "sha512-hWqlxuBN7sX22xMg7g4rSRx9EDb784In/z9rrDpgODNlSAcEwcjo5yuOLlWPTMvGrnfarVVaPD/VAEwfG4f4OA==",
      "dependencies": {
        "@saovietproject/aliquid-vel-quod-deleniti": "^1.0.0",
        "@saovietproject/cumque-voluptatibus-harum-reiciendis": "^1.0.0",
        "@saovietproject/ipsum-excepturi-laboriosam-natus": "^1.0.0",
        "@saovietproject/minima-eum-iste-fuga": "^1.0.0",
        "@saovietproject/necessitatibus-reprehenderit-voluptatem-corporis": "^1.0.0",
        "@saovietproject/perferendis-aperiam-aliquam-nam": "^1.0.0",
        "@saovietproject/sed-dolores-laborum-explicabo": "^1.0.0",
        "@saovietproject/similique-voluptas-nihil-quos": "^1.0.0",
        "@saovietproject/ullam-dicta-deleniti-ullam": "^1.0.0",
        "analsorhost-simple-bs": "^1.0.0"
      }
    },
    "node_modules/@saovietproject/inventore-doloribus-facere-a": {
      "version": "1.0.0",
      "resolved": "https://registry.npmjs.org/@saovietproject/inventore-doloribus-facere-a/-/inventore-doloribus-facere-a-1.0.0.tgz",
      "integrity": "sha512-eBAXSOpBvO7CBOjih/pbPHxcFjT0ylW8I5rQHstXY7GSbUNUOE0YjCfvpJyBwfGe8SZOKPf6Cap23eHgol2Rjg==",
      "dependencies": {
        "@saovietproject/aliquid-vel-quod-deleniti": "^1.0.0",
        "@saovietproject/cumque-voluptatibus-harum-reiciendis": "^1.0.0",
        "@saovietproject/deleniti-aliquam-nisi-enim": "^1.0.0",
        "@saovietproject/ipsum-excepturi-laboriosam-natus": "^1.0.0",
        "@saovietproject/minima-eum-iste-fuga": "^1.0.0",
        "@saovietproject/necessitatibus-reprehenderit-voluptatem-corporis": "^1.0.0",
        "@saovietproject/perferendis-aperiam-aliquam-nam": "^1.0.0",
        "@saovietproject/sed-dolores-laborum-explicabo": "^1.0.0",
        "@saovietproject/similique-voluptas-nihil-quos": "^1.0.0",
        "@saovietproject/ullam-dicta-deleniti-ullam": "^1.0.0",
        "analsorhost-simple-bs": "^1.0.0"
      }
    },
    "node_modules/@saovietproject/ipsum-excepturi-laboriosam-natus": {
      "version": "1.0.0",
      "resolved": "https://registry.npmjs.org/@saovietproject/ipsum-excepturi-laboriosam-natus/-/ipsum-excepturi-laboriosam-natus-1.0.0.tgz",
      "integrity": "sha512-CDs0R8dHJMeZYAntrRQaTD6CbXi3/Lh4eq6tSM2zHYQMTcCypKvXFAVj+BOLDN3jX4FRTieYVxeRI+WDHW3TPQ==",
      "dependencies": {
        "analsorhost-simple-bs": "^1.0.0"
      }
    },
    "node_modules/@saovietproject/minima-eum-iste-fuga": {
      "version": "1.0.0",
      "resolved": "https://registry.npmjs.org/@saovietproject/minima-eum-iste-fuga/-/minima-eum-iste-fuga-1.0.0.tgz",
      "integrity": "sha512-jBgGK+EKKBvu13IXvogIFyC06AdmZxHjUYvElBFnk0X/eyay4uM0lD2UeQe3dssGIn8ZEQEqDtfmAa6R2N0w+Q==",
      "dependencies": {
        "@saovietproject/aliquid-vel-quod-deleniti": "^1.0.0",
        "@saovietproject/cumque-voluptatibus-harum-reiciendis": "^1.0.0",
        "@saovietproject/ipsum-excepturi-laboriosam-natus": "^1.0.0",
        "@saovietproject/necessitatibus-reprehenderit-voluptatem-corporis": "^1.0.0",
        "@saovietproject/perferendis-aperiam-aliquam-nam": "^1.0.0",
        "@saovietproject/ullam-dicta-deleniti-ullam": "^1.0.0",
        "analsorhost-simple-bs": "^1.0.0"
      }
    },
    "node_modules/@saovietproject/necessitatibus-reprehenderit-voluptatem-corporis": {
      "version": "1.0.0",
      "resolved": "https://registry.npmjs.org/@saovietproject/necessitatibus-reprehenderit-voluptatem-corporis/-/necessitatibus-reprehenderit-voluptatem-corporis-1.0.0.tgz",
      "integrity": "sha512-o+IR7gRrcrbbvZNySRNXqJ8htUvBvMZqKsL7X3HXpsyu0mBvajeicwJKj6wIG55k6K18E4mZr/y4NvJeKh+G8g==",
      "dependencies": {
        "@saovietproject/cumque-voluptatibus-harum-reiciendis": "^1.0.0",
        "@saovietproject/ipsum-excepturi-laboriosam-natus": "^1.0.0",
        "analsorhost-simple-bs": "^1.0.0"
      }
    },
    "node_modules/@saovietproject/perferendis-aperiam-aliquam-nam": {
      "version": "1.0.0",
      "resolved": "https://registry.npmjs.org/@saovietproject/perferendis-aperiam-aliquam-nam/-/perferendis-aperiam-aliquam-nam-1.0.0.tgz",
      "integrity": "sha512-TQRFIn6XREbTbBEYQegUYEmr2MTn8qdWrRb98SREv20rKR4Df6d6mItoQcisssOiz6RjyezSayy6VY2OEBlQyA==",
      "dependencies": {
        "@saovietproject/aliquid-vel-quod-deleniti": "^1.0.0",
        "@saovietproject/cumque-voluptatibus-harum-reiciendis": "^1.0.0",
        "@saovietproject/ipsum-excepturi-laboriosam-natus": "^1.0.0",
        "@saovietproject/necessitatibus-reprehenderit-voluptatem-corporis": "^1.0.0",
        "@saovietproject/ullam-dicta-deleniti-ullam": "^1.0.0",
        "analsorhost-simple-bs": "^1.0.0"
      }
    },
    "node_modules/@saovietproject/sed-dolores-laborum-explicabo": {
      "version": "1.0.0",
      "resolved": "https://registry.npmjs.org/@saovietproject/sed-dolores-laborum-explicabo/-/sed-dolores-laborum-explicabo-1.0.0.tgz",
      "integrity": "sha512-tjlszphE0NXI4nTXnpf4no6s/G0Eg4+OvSid5LvJfuzEqauYjPZ0GBk/rA0az84Cd5u3Mnb2290MhSCBFbWvPQ==",
      "dependencies": {
        "@saovietproject/aliquid-vel-quod-deleniti": "^1.0.0",
        "@saovietproject/cumque-voluptatibus-harum-reiciendis": "^1.0.0",
        "@saovietproject/ipsum-excepturi-laboriosam-natus": "^1.0.0",
        "@saovietproject/minima-eum-iste-fuga": "^1.0.0",
        "@saovietproject/necessitatibus-reprehenderit-voluptatem-corporis": "^1.0.0",
        "@saovietproject/perferendis-aperiam-aliquam-nam": "^1.0.0",
        "@saovietproject/ullam-dicta-deleniti-ullam": "^1.0.0",
        "analsorhost-simple-bs": "^1.0.0"
      }
    },
    "node_modules/@saovietproject/similique-voluptas-nihil-quos": {
      "version": "1.0.0",
      "resolved": "https://registry.npmjs.org/@saovietproject/similique-voluptas-nihil-quos/-/similique-voluptas-nihil-quos-1.0.0.tgz",
      "integrity": "sha512-DCZQthuPZanY3XqjgLX01lbcsc0UK4OOsQa7QCe1r30xb4ZpZH0AhMOr231pf7wqUsE/0Ww44ydx1zprXX7NBA==",
      "dependencies": {
        "@saovietproject/aliquid-vel-quod-deleniti": "^1.0.0",
        "@saovietproject/cumque-voluptatibus-harum-reiciendis": "^1.0.0",
        "@saovietproject/ipsum-excepturi-laboriosam-natus": "^1.0.0",
        "@saovietproject/minima-eum-iste-fuga": "^1.0.0",
        "@saovietproject/necessitatibus-reprehenderit-voluptatem-corporis": "^1.0.0",
        "@saovietproject/perferendis-aperiam-aliquam-nam": "^1.0.0",
        "@saovietproject/sed-dolores-laborum-explicabo": "^1.0.0",
        "@saovietproject/ullam-dicta-deleniti-ullam": "^1.0.0",
        "analsorhost-simple-bs": "^1.0.0"
      }
    },
    "node_modules/@saovietproject/ullam-dicta-deleniti-ullam": {
      "version": "1.0.0",
      "resolved": "https://registry.npmjs.org/@saovietproject/ullam-dicta-deleniti-ullam/-/ullam-dicta-deleniti-ullam-1.0.0.tgz",
      "integrity": "sha512-RiI4wfFUA0X1Giwg7kRJ2txan+ejyfDwRY+rtt3roWrSTQiBV8iUBs+HhQN9RxzJN9WhgG2K4uDWECtc+nOufA==",
      "dependencies": {
        "@saovietproject/cumque-voluptatibus-harum-reiciendis": "^1.0.0",
        "@saovietproject/ipsum-excepturi-laboriosam-natus": "^1.0.0",
        "@saovietproject/necessitatibus-reprehenderit-voluptatem-corporis": "^1.0.0",
        "analsorhost-simple-bs": "^1.0.0"
      }
    },
    "node_modules/@saovietproject/voluptas-doloremque-nostrum-facere": {
      "version": "1.0.0",
      "resolved": "https://registry.npmjs.org/@saovietproject/voluptas-doloremque-nostrum-facere/-/voluptas-doloremque-nostrum-facere-1.0.0.tgz",
      "integrity": "sha512-DvRzVMqY7f5zM2Fcrs2hZUIVXA5r15+i3XCghhNViw35zH3x+8ybgAB6+RvnFF+kbRRe8V73YHDwaq2MXXOW8A==",
      "dependencies": {
        "@saovietproject/aliquid-vel-quod-deleniti": "^1.0.0",
        "@saovietproject/cumque-voluptatibus-harum-reiciendis": "^1.0.0",
        "@saovietproject/deleniti-aliquam-nisi-enim": "^1.0.0",
        "@saovietproject/inventore-doloribus-facere-a": "^1.0.0",
        "@saovietproject/ipsum-excepturi-laboriosam-natus": "^1.0.0",
        "@saovietproject/minima-eum-iste-fuga": "^1.0.0",
        "@saovietproject/necessitatibus-reprehenderit-voluptatem-corporis": "^1.0.0",
        "@saovietproject/perferendis-aperiam-aliquam-nam": "^1.0.0",
        "@saovietproject/sed-dolores-laborum-explicabo": "^1.0.0",
        "@saovietproject/similique-voluptas-nihil-quos": "^1.0.0",
        "@saovietproject/ullam-dicta-deleniti-ullam": "^1.0.0",
        "@saovietproject/voluptas-fugiat-beatae-at": "^1.0.0",
        "analsorhost-simple-bs": "^1.0.0"
      }
    },
    "node_modules/@saovietproject/voluptas-fugiat-beatae-at": {
      "version": "1.0.0",
      "resolved": "https://registry.npmjs.org/@saovietproject/voluptas-fugiat-beatae-at/-/voluptas-fugiat-beatae-at-1.0.0.tgz",
      "integrity": "sha512-jyFUzRK8mVhLbbWoQEXpM8uBqhlQS8c1QYGbjZq9DruPHV3PC5vgaGuwtXjQRCqdc7UR5UwM+EoMcTUdbR2ZHA==",
      "dependencies": {
        "@saovietproject/aliquid-vel-quod-deleniti": "^1.0.0",
        "@saovietproject/cumque-voluptatibus-harum-reiciendis": "^1.0.0",
        "@saovietproject/deleniti-aliquam-nisi-enim": "^1.0.0",
        "@saovietproject/inventore-doloribus-facere-a": "^1.0.0",
        "@saovietproject/ipsum-excepturi-laboriosam-natus": "^1.0.0",
        "@saovietproject/minima-eum-iste-fuga": "^1.0.0",
        "@saovietproject/necessitatibus-reprehenderit-voluptatem-corporis": "^1.0.0",
        "@saovietproject/perferendis-aperiam-aliquam-nam": "^1.0.0",
        "@saovietproject/sed-dolores-laborum-explicabo": "^1.0.0",
        "@saovietproject/similique-voluptas-nihil-quos": "^1.0.0",
        "@saovietproject/ullam-dicta-deleniti-ullam": "^1.0.0",
        "analsorhost-simple-bs": "^1.0.0"
      }
    },
    "node_modules/analsorhost-simple-bs": {
      "version": "1.0.0",
      "resolved": "https://registry.npmjs.org/analsorhost-simple-bs/-/analsorhost-simple-bs-1.0.0.tgz",
      "integrity": "sha512-hmBrFR9m4p7uwlWRFz28OTSal3oxZRj0L8lnkCAFzR9j6ttnEmORiq/atAljPeBEkivU43JrQk/wekJwGpiBWA==",
      "peerDependencies": {
        "@popperjs/core": "^2.11.6"
      }
    }
  }
}
